
Microsoft Visual Studio Solution File, Format Version 12.00
# Visual Studio Version 17
VisualStudioVersion = 17.8.34330.188
MinimumVisualStudioVersion = 10.0.40219.1
Project("{FAE04EC0-301F-11D3-BF4B-00C04F79EFBC}") = "TP1Exercice3", "TP1Exercice3\TP1Exercice3.csproj", "{4BC9CC7B-B1E2-47AF-B6E4-F033513CE05C}"
EndProject
Global
	GlobalSection(SolutionConfigurationPlatforms) = preSolution
		Debug|Any CPU = Debug|Any CPU
		Release|Any CPU = Release|Any CPU
	EndGlobalSection
	GlobalSection(ProjectConfigurationPlatforms) = postSolution
		{4BC9CC7B-B1E2-47AF-B6E4-F033513CE05C}.Debug|Any CPU.ActiveCfg = Debug|Any CPU
		{4BC9CC7B-B1E2-47AF-B6E4-F033513CE05C}.Debug|Any CPU.Build.0 = Debug|Any CPU
		{4BC9CC7B-B1E2-47AF-B6E4-F033513CE05C}.Release|Any CPU.ActiveCfg = Release|Any CPU
		{4BC9CC7B-B1E2-47AF-B6E4-F033513CE05C}.Release|Any CPU.Build.0 = Release|Any CPU
	EndGlobalSection
	GlobalSection(SolutionProperties) = preSolution
		HideSolutionNode = FALSE
	EndGlobalSection
	GlobalSection(ExtensibilityGlobals) = postSolution
		SolutionGuid = {BC705E09-9A0B-4AF7-88D8-41D546B954CC}
	EndGlobalSection
EndGlobal
